
Microsoft Visual Studio Solution File, Format Version 12.00
Project("{FAE04EC0-301F-11D3-BF4B-00C04F79EFBC}") = "Day1", "Day1\Day1.csproj", "{5451D37F-F3EB-4A9A-A6F7-235CBC13E856}"
EndProject
Project("{FAE04EC0-301F-11D3-BF4B-00C04F79EFBC}") = "Day2", "Day2\Day2.csproj", "{1290B8DC-95BD-445F-99F2-06A6BA0A3200}"
EndProject
Project("{FAE04EC0-301F-11D3-BF4B-00C04F79EFBC}") = "Day3", "Day3\Day3.csproj", "{BA9223D2-BCA4-4CE0-ACEE-4FB86A36864E}"
EndProject
Project("{FAE04EC0-301F-11D3-BF4B-00C04F79EFBC}") = "Day4", "Day4\Day4.csproj", "{F358C920-F2A8-4885-8CC9-C4E1D32E315F}"
EndProject
Global
	GlobalSection(SolutionConfigurationPlatforms) = preSolution
		Debug|Any CPU = Debug|Any CPU
		Release|Any CPU = Release|Any CPU
	EndGlobalSection
	GlobalSection(ProjectConfigurationPlatforms) = postSolution
		{5451D37F-F3EB-4A9A-A6F7-235CBC13E856}.Debug|Any CPU.ActiveCfg = Debug|Any CPU
		{5451D37F-F3EB-4A9A-A6F7-235CBC13E856}.Debug|Any CPU.Build.0 = Debug|Any CPU
		{5451D37F-F3EB-4A9A-A6F7-235CBC13E856}.Release|Any CPU.ActiveCfg = Release|Any CPU
		{5451D37F-F3EB-4A9A-A6F7-235CBC13E856}.Release|Any CPU.Build.0 = Release|Any CPU
		{1290B8DC-95BD-445F-99F2-06A6BA0A3200}.Debug|Any CPU.ActiveCfg = Debug|Any CPU
		{1290B8DC-95BD-445F-99F2-06A6BA0A3200}.Debug|Any CPU.Build.0 = Debug|Any CPU
		{1290B8DC-95BD-445F-99F2-06A6BA0A3200}.Release|Any CPU.ActiveCfg = Release|Any CPU
		{1290B8DC-95BD-445F-99F2-06A6BA0A3200}.Release|Any CPU.Build.0 = Release|Any CPU
		{BA9223D2-BCA4-4CE0-ACEE-4FB86A36864E}.Debug|Any CPU.ActiveCfg = Debug|Any CPU
		{BA9223D2-BCA4-4CE0-ACEE-4FB86A36864E}.Debug|Any CPU.Build.0 = Debug|Any CPU
		{BA9223D2-BCA4-4CE0-ACEE-4FB86A36864E}.Release|Any CPU.ActiveCfg = Release|Any CPU
		{BA9223D2-BCA4-4CE0-ACEE-4FB86A36864E}.Release|Any CPU.Build.0 = Release|Any CPU
		{F358C920-F2A8-4885-8CC9-C4E1D32E315F}.Debug|Any CPU.ActiveCfg = Debug|Any CPU
		{F358C920-F2A8-4885-8CC9-C4E1D32E315F}.Debug|Any CPU.Build.0 = Debug|Any CPU
		{F358C920-F2A8-4885-8CC9-C4E1D32E315F}.Release|Any CPU.ActiveCfg = Release|Any CPU
		{F358C920-F2A8-4885-8CC9-C4E1D32E315F}.Release|Any CPU.Build.0 = Release|Any CPU
	EndGlobalSection
EndGlobal
